
Microsoft Visual Studio Solution File, Format Version 11.00
# Visual Studio 2010
Project("{8BC9CEB8-8B4A-11D0-8D11-00A0C91BC942}") = "raaComputerGraphicsAssignment1", "raaComputerGraphicsAssignment1\raaComputerGraphicsAssignment1.vcxproj", "{79685EC8-5BAE-4BC6-9469-BBB67C6D8563}"
	ProjectSection(ProjectDependencies) = postProject
		{89A79939-1B57-41C2-8039-F219A260A58C} = {89A79939-1B57-41C2-8039-F219A260A58C}
		{36D66F8F-77AA-4A0F-B6B9-1D419B72C204} = {36D66F8F-77AA-4A0F-B6B9-1D419B72C204}
		{7F9392ED-EED2-4FA2-832D-A103F7994C79} = {7F9392ED-EED2-4FA2-832D-A103F7994C79}
	EndProjectSection
EndProject
Project("{8BC9CEB8-8B4A-11D0-8D11-00A0C91BC942}") = "raaMaths", "raaMaths\raaMaths.vcxproj", "{7F9392ED-EED2-4FA2-832D-A103F7994C79}"
EndProject
Project("{8BC9CEB8-8B4A-11D0-8D11-00A0C91BC942}") = "raaCamera", "raaCamera\raaCamera.vcxproj", "{89A79939-1B57-41C2-8039-F219A260A58C}"
	ProjectSection(ProjectDependencies) = postProject
		{7F9392ED-EED2-4FA2-832D-A103F7994C79} = {7F9392ED-EED2-4FA2-832D-A103F7994C79}
	EndProjectSection
EndProject
Project("{8BC9CEB8-8B4A-11D0-8D11-00A0C91BC942}") = "raaUtilities", "raaUtilities\raaUtilities.vcxproj", "{36D66F8F-77AA-4A0F-B6B9-1D419B72C204}"
	ProjectSection(ProjectDependencies) = postProject
		{7F9392ED-EED2-4FA2-832D-A103F7994C79} = {7F9392ED-EED2-4FA2-832D-A103F7994C79}
	EndProjectSection
EndProject
Project("{2150E333-8FDC-42A3-9474-1A3956D46DE8}") = "Solution Items", "Solution Items", "{E51C5E83-21A0-47F7-A8ED-F7A804DE0481}"
EndProject
Global
	GlobalSection(SolutionConfigurationPlatforms) = preSolution
		conemu|Win32 = conemu|Win32
		cyg|Win32 = cyg|Win32
		Debug|Win32 = Debug|Win32
		Release|Win32 = Release|Win32
	EndGlobalSection
	GlobalSection(ProjectConfigurationPlatforms) = postSolution
		{79685EC8-5BAE-4BC6-9469-BBB67C6D8563}.conemu|Win32.ActiveCfg = conemu|Win32
		{79685EC8-5BAE-4BC6-9469-BBB67C6D8563}.conemu|Win32.Build.0 = conemu|Win32
		{79685EC8-5BAE-4BC6-9469-BBB67C6D8563}.cyg|Win32.ActiveCfg = cyg|Win32
		{79685EC8-5BAE-4BC6-9469-BBB67C6D8563}.cyg|Win32.Build.0 = cyg|Win32
		{79685EC8-5BAE-4BC6-9469-BBB67C6D8563}.Debug|Win32.ActiveCfg = Debug|Win32
		{79685EC8-5BAE-4BC6-9469-BBB67C6D8563}.Debug|Win32.Build.0 = Debug|Win32
		{79685EC8-5BAE-4BC6-9469-BBB67C6D8563}.Release|Win32.ActiveCfg = Release|Win32
		{79685EC8-5BAE-4BC6-9469-BBB67C6D8563}.Release|Win32.Build.0 = Release|Win32
		{7F9392ED-EED2-4FA2-832D-A103F7994C79}.conemu|Win32.ActiveCfg = conemu|Win32
		{7F9392ED-EED2-4FA2-832D-A103F7994C79}.conemu|Win32.Build.0 = conemu|Win32
		{7F9392ED-EED2-4FA2-832D-A103F7994C79}.cyg|Win32.ActiveCfg = cyg|Win32
		{7F9392ED-EED2-4FA2-832D-A103F7994C79}.cyg|Win32.Build.0 = cyg|Win32
		{7F9392ED-EED2-4FA2-832D-A103F7994C79}.Debug|Win32.ActiveCfg = Debug|Win32
		{7F9392ED-EED2-4FA2-832D-A103F7994C79}.Debug|Win32.Build.0 = Debug|Win32
		{7F9392ED-EED2-4FA2-832D-A103F7994C79}.Release|Win32.ActiveCfg = Release|Win32
		{7F9392ED-EED2-4FA2-832D-A103F7994C79}.Release|Win32.Build.0 = Release|Win32
		{89A79939-1B57-41C2-8039-F219A260A58C}.conemu|Win32.ActiveCfg = conemu|Win32
		{89A79939-1B57-41C2-8039-F219A260A58C}.conemu|Win32.Build.0 = conemu|Win32
		{89A79939-1B57-41C2-8039-F219A260A58C}.cyg|Win32.ActiveCfg = cyg|Win32
		{89A79939-1B57-41C2-8039-F219A260A58C}.cyg|Win32.Build.0 = cyg|Win32
		{89A79939-1B57-41C2-8039-F219A260A58C}.Debug|Win32.ActiveCfg = Debug|Win32
		{89A79939-1B57-41C2-8039-F219A260A58C}.Debug|Win32.Build.0 = Debug|Win32
		{89A79939-1B57-41C2-8039-F219A260A58C}.Release|Win32.ActiveCfg = Release|Win32
		{89A79939-1B57-41C2-8039-F219A260A58C}.Release|Win32.Build.0 = Release|Win32
		{36D66F8F-77AA-4A0F-B6B9-1D419B72C204}.conemu|Win32.ActiveCfg = conemu|Win32
		{36D66F8F-77AA-4A0F-B6B9-1D419B72C204}.conemu|Win32.Build.0 = conemu|Win32
		{36D66F8F-77AA-4A0F-B6B9-1D419B72C204}.cyg|Win32.ActiveCfg = cyg|Win32
		{36D66F8F-77AA-4A0F-B6B9-1D419B72C204}.cyg|Win32.Build.0 = cyg|Win32
		{36D66F8F-77AA-4A0F-B6B9-1D419B72C204}.Debug|Win32.ActiveCfg = Debug|Win32
		{36D66F8F-77AA-4A0F-B6B9-1D419B72C204}.Debug|Win32.Build.0 = Debug|Win32
		{36D66F8F-77AA-4A0F-B6B9-1D419B72C204}.Release|Win32.ActiveCfg = Release|Win32
		{36D66F8F-77AA-4A0F-B6B9-1D419B72C204}.Release|Win32.Build.0 = Release|Win32
	EndGlobalSection
	GlobalSection(SolutionProperties) = preSolution
		HideSolutionNode = FALSE
	EndGlobalSection
EndGlobal
